
Microsoft Visual Studio Solution File, Format Version 12.00
# Visual Studio Version 16
VisualStudioVersion = 16.0.31321.278
MinimumVisualStudioVersion = 10.0.40219.1
Project("{FAE04EC0-301F-11D3-BF4B-00C04F79EFBC}") = "OperaWebSite", "OperaWebSite\OperaWebSite.csproj", "{6ED13F7C-D984-4A2D-BB79-841C9E929E4E}"
EndProject
Global
	GlobalSection(SolutionConfigurationPlatforms) = preSolution
		Debug|Any CPU = Debug|Any CPU
		Release|Any CPU = Release|Any CPU
	EndGlobalSection
	GlobalSection(ProjectConfigurationPlatforms) = postSolution
		{6ED13F7C-D984-4A2D-BB79-841C9E929E4E}.Debug|Any CPU.ActiveCfg = Debug|Any CPU
		{6ED13F7C-D984-4A2D-BB79-841C9E929E4E}.Debug|Any CPU.Build.0 = Debug|Any CPU
		{6ED13F7C-D984-4A2D-BB79-841C9E929E4E}.Release|Any CPU.ActiveCfg = Release|Any CPU
		{6ED13F7C-D984-4A2D-BB79-841C9E929E4E}.Release|Any CPU.Build.0 = Release|Any CPU
	EndGlobalSection
	GlobalSection(SolutionProperties) = preSolution
		HideSolutionNode = FALSE
	EndGlobalSection
	GlobalSection(ExtensibilityGlobals) = postSolution
		SolutionGuid = {8AC90C23-E096-4514-8B70-A1F33D7E8017}
	EndGlobalSection
EndGlobal
